
Microsoft Visual Studio Solution File, Format Version 12.00
# Visual Studio Version 16
VisualStudioVersion = 16.0.30011.22
MinimumVisualStudioVersion = 10.0.40219.1
Project("{FAE04EC0-301F-11D3-BF4B-00C04F79EFBC}") = "LeilaoDoMeuCoracao", "LeilaoDoMeuCoracao\LeilaoDoMeuCoracao.csproj", "{8CBBCCF2-06E0-409A-A080-BE247CDCCCBE}"
EndProject
Global
	GlobalSection(SolutionConfigurationPlatforms) = preSolution
		Debug|Any CPU = Debug|Any CPU
		Release|Any CPU = Release|Any CPU
	EndGlobalSection
	GlobalSection(ProjectConfigurationPlatforms) = postSolution
		{8CBBCCF2-06E0-409A-A080-BE247CDCCCBE}.Debug|Any CPU.ActiveCfg = Debug|Any CPU
		{8CBBCCF2-06E0-409A-A080-BE247CDCCCBE}.Debug|Any CPU.Build.0 = Debug|Any CPU
		{8CBBCCF2-06E0-409A-A080-BE247CDCCCBE}.Release|Any CPU.ActiveCfg = Release|Any CPU
		{8CBBCCF2-06E0-409A-A080-BE247CDCCCBE}.Release|Any CPU.Build.0 = Release|Any CPU
	EndGlobalSection
	GlobalSection(SolutionProperties) = preSolution
		HideSolutionNode = FALSE
	EndGlobalSection
	GlobalSection(ExtensibilityGlobals) = postSolution
		SolutionGuid = {1DC08B11-5DE7-40B0-8D22-2A0ADEC4933B}
	EndGlobalSection
EndGlobal
